// !$*UTF8*$!
{
	archiveVersion = 1;
	classes = {
	};
	objectVersion = 48;
	objects = {

/* Begin PBXBuildFile section */
		3F2E103C1FD84CC400AFFC10 /* BlockView.swift in Sources */ = {isa = PBXBuildFile; fileRef = 3F2E103B1FD84CC400AFFC10 /* BlockView.swift */; };
		3F2E103F1FD84FFF00AFFC10 /* BlockViewController.swift in Sources */ = {isa = PBXBuildFile; fileRef = 3F2E103E1FD84FFF00AFFC10 /* BlockViewController.swift */; };
		3F30B80B1FDB33060013775A /* BlockView+ChurnDash.swift in Sources */ = {isa = PBXBuildFile; fileRef = 3F30B80A1FDB33060013775A /* BlockView+ChurnDash.swift */; };
		3F31F85D1FE42DAE00BD2BD5 /* ShapeView+Triangle.swift in Sources */ = {isa = PBXBuildFile; fileRef = 3F31F85C1FE42DAE00BD2BD5 /* ShapeView+Triangle.swift */; };
		3F31F85F1FE42E4C00BD2BD5 /* ShapeView+Rectangle.swift in Sources */ = {isa = PBXBuildFile; fileRef = 3F31F85E1FE42E4C00BD2BD5 /* ShapeView+Rectangle.swift */; };
		3F3D928F1FE1B7300013F743 /* BlockView+DoubleCross.swift in Sources */ = {isa = PBXBuildFile; fileRef = 3F3D928E1FE1B7300013F743 /* BlockView+DoubleCross.swift */; };
		3F3D92911FE1DA3E0013F743 /* BlockView+BasketWeave.swift in Sources */ = {isa = PBXBuildFile; fileRef = 3F3D92901FE1DA3E0013F743 /* BlockView+BasketWeave.swift */; };
		3F4032A01FA0F2FC00EAEBE9 /* AppDelegate.swift in Sources */ = {isa = PBXBuildFile; fileRef = 3F40329F1FA0F2FC00EAEBE9 /* AppDelegate.swift */; };
		3F4032A51FA0F2FC00EAEBE9 /* Main.storyboard in Resources */ = {isa = PBXBuildFile; fileRef = 3F4032A31FA0F2FC00EAEBE9 /* Main.storyboard */; };
		3F4032A71FA0F2FC00EAEBE9 /* Assets.xcassets in Resources */ = {isa = PBXBuildFile; fileRef = 3F4032A61FA0F2FC00EAEBE9 /* Assets.xcassets */; };
		3F4032AA1FA0F2FC00EAEBE9 /* LaunchScreen.storyboard in Resources */ = {isa = PBXBuildFile; fileRef = 3F4032A81FA0F2FC00EAEBE9 /* LaunchScreen.storyboard */; };
		3F87D1C31FD8950B003AC8F5 /* ShapeView.swift in Sources */ = {isa = PBXBuildFile; fileRef = 3F87D1C21FD8950B003AC8F5 /* ShapeView.swift */; };
		3FF8CBDA1FD9A93000CADA77 /* BlockView+LogCabin.swift in Sources */ = {isa = PBXBuildFile; fileRef = 3FF8CBD91FD9A93000CADA77 /* BlockView+LogCabin.swift */; };
/* End PBXBuildFile section */

/* Begin PBXFileReference section */
		3F2E103B1FD84CC400AFFC10 /* BlockView.swift */ = {isa = PBXFileReference; lastKnownFileType = sourcecode.swift; path = BlockView.swift; sourceTree = "<group>"; };
		3F2E103E1FD84FFF00AFFC10 /* BlockViewController.swift */ = {isa = PBXFileReference; lastKnownFileType = sourcecode.swift; path = BlockViewController.swift; sourceTree = "<group>"; };
		3F30B80A1FDB33060013775A /* BlockView+ChurnDash.swift */ = {isa = PBXFileReference; lastKnownFileType = sourcecode.swift; path = "BlockView+ChurnDash.swift"; sourceTree = "<group>"; };
		3F31F85C1FE42DAE00BD2BD5 /* ShapeView+Triangle.swift */ = {isa = PBXFileReference; lastKnownFileType = sourcecode.swift; path = "ShapeView+Triangle.swift"; sourceTree = "<group>"; };
		3F31F85E1FE42E4C00BD2BD5 /* ShapeView+Rectangle.swift */ = {isa = PBXFileReference; lastKnownFileType = sourcecode.swift; path = "ShapeView+Rectangle.swift"; sourceTree = "<group>"; };
		3F3D928E1FE1B7300013F743 /* BlockView+DoubleCross.swift */ = {isa = PBXFileReference; lastKnownFileType = sourcecode.swift; path = "BlockView+DoubleCross.swift"; sourceTree = "<group>"; };
		3F3D92901FE1DA3E0013F743 /* BlockView+BasketWeave.swift */ = {isa = PBXFileReference; lastKnownFileType = sourcecode.swift; path = "BlockView+BasketWeave.swift"; sourceTree = "<group>"; };
		3F40329C1FA0F2FC00EAEBE9 /* Patchworks.app */ = {isa = PBXFileReference; explicitFileType = wrapper.application; includeInIndex = 0; path = Patchworks.app; sourceTree = BUILT_PRODUCTS_DIR; };
		3F40329F1FA0F2FC00EAEBE9 /* AppDelegate.swift */ = {isa = PBXFileReference; lastKnownFileType = sourcecode.swift; path = AppDelegate.swift; sourceTree = "<group>"; };
		3F4032A41FA0F2FC00EAEBE9 /* Base */ = {isa = PBXFileReference; lastKnownFileType = file.storyboard; name = Base; path = Base.lproj/Main.storyboard; sourceTree = "<group>"; };
		3F4032A61FA0F2FC00EAEBE9 /* Assets.xcassets */ = {isa = PBXFileReference; lastKnownFileType = folder.assetcatalog; path = Assets.xcassets; sourceTree = "<group>"; };
		3F4032A91FA0F2FC00EAEBE9 /* Base */ = {isa = PBXFileReference; lastKnownFileType = file.storyboard; name = Base; path = Base.lproj/LaunchScreen.storyboard; sourceTree = "<group>"; };
		3F4032AB1FA0F2FC00EAEBE9 /* Info.plist */ = {isa = PBXFileReference; lastKnownFileType = text.plist.xml; path = Info.plist; sourceTree = "<group>"; };
		3F87D1C21FD8950B003AC8F5 /* ShapeView.swift */ = {isa = PBXFileReference; lastKnownFileType = sourcecode.swift; path = ShapeView.swift; sourceTree = "<group>"; };
		3FF8CBD91FD9A93000CADA77 /* BlockView+LogCabin.swift */ = {isa = PBXFileReference; lastKnownFileType = sourcecode.swift; path = "BlockView+LogCabin.swift"; sourceTree = "<group>"; };
/* End PBXFileReference section */

/* Begin PBXFrameworksBuildPhase section */
		3F4032991FA0F2FC00EAEBE9 /* Frameworks */ = {
			isa = PBXFrameworksBuildPhase;
			buildActionMask = 2147483647;
			files = (
			);
			runOnlyForDeploymentPostprocessing = 0;
		};
/* End PBXFrameworksBuildPhase section */

/* Begin PBXGroup section */
		3F08D94C1FA232600078BAF2 /* Views */ = {
			isa = PBXGroup;
			children = (
				3F2E103B1FD84CC400AFFC10 /* BlockView.swift */,
				3F3D92901FE1DA3E0013F743 /* BlockView+BasketWeave.swift */,
				3F30B80A1FDB33060013775A /* BlockView+ChurnDash.swift */,
				3F3D928E1FE1B7300013F743 /* BlockView+DoubleCross.swift */,
				3FF8CBD91FD9A93000CADA77 /* BlockView+LogCabin.swift */,
				3F87D1C21FD8950B003AC8F5 /* ShapeView.swift */,
				3F31F85E1FE42E4C00BD2BD5 /* ShapeView+Rectangle.swift */,
				3F31F85C1FE42DAE00BD2BD5 /* ShapeView+Triangle.swift */,
			);
			path = Views;
			sourceTree = "<group>";
		};
		3F2E103D1FD84F7200AFFC10 /* View Controllers */ = {
			isa = PBXGroup;
			children = (
				3F2E103E1FD84FFF00AFFC10 /* BlockViewController.swift */,
			);
			path = "View Controllers";
			sourceTree = "<group>";
		};
		3F4032931FA0F2FC00EAEBE9 = {
			isa = PBXGroup;
			children = (
				3F40329E1FA0F2FC00EAEBE9 /* Patchworks */,
				3F40329D1FA0F2FC00EAEBE9 /* Products */,
			);
			sourceTree = "<group>";
		};
		3F40329D1FA0F2FC00EAEBE9 /* Products */ = {
			isa = PBXGroup;
			children = (
				3F40329C1FA0F2FC00EAEBE9 /* Patchworks.app */,
			);
			name = Products;
			sourceTree = "<group>";
		};
		3F40329E1FA0F2FC00EAEBE9 /* Patchworks */ = {
			isa = PBXGroup;
			children = (
				3F2E103D1FD84F7200AFFC10 /* View Controllers */,
				3F4032AB1FA0F2FC00EAEBE9 /* Info.plist */,
				3F40329F1FA0F2FC00EAEBE9 /* AppDelegate.swift */,
				3F4032B21FA0F37F00EAEBE9 /* Resources */,
				3F4032B11FA0F36500EAEBE9 /* Storyboards */,
				3F08D94C1FA232600078BAF2 /* Views */,
			);
			path = Patchworks;
			sourceTree = "<group>";
		};
		3F4032B11FA0F36500EAEBE9 /* Storyboards */ = {
			isa = PBXGroup;
			children = (
				3F4032A31FA0F2FC00EAEBE9 /* Main.storyboard */,
				3F4032A81FA0F2FC00EAEBE9 /* LaunchScreen.storyboard */,
			);
			path = Storyboards;
			sourceTree = "<group>";
		};
		3F4032B21FA0F37F00EAEBE9 /* Resources */ = {
			isa = PBXGroup;
			children = (
				3F4032A61FA0F2FC00EAEBE9 /* Assets.xcassets */,
			);
			path = Resources;
			sourceTree = "<group>";
		};
/* End PBXGroup section */

/* Begin PBXNativeTarget section */
		3F40329B1FA0F2FC00EAEBE9 /* Patchworks */ = {
			isa = PBXNativeTarget;
			buildConfigurationList = 3F4032AE1FA0F2FC00EAEBE9 /* Build configuration list for PBXNativeTarget "Patchworks" */;
			buildPhases = (
				3F4032981FA0F2FC00EAEBE9 /* Sources */,
				3F4032991FA0F2FC00EAEBE9 /* Frameworks */,
				3F40329A1FA0F2FC00EAEBE9 /* Resources */,
			);
			buildRules = (
			);
			dependencies = (
			);
			name = Patchworks;
			productName = Patchworks;
			productReference = 3F40329C1FA0F2FC00EAEBE9 /* Patchworks.app */;
			productType = "com.apple.product-type.application";
		};
/* End PBXNativeTarget section */

/* Begin PBXProject section */
		3F4032941FA0F2FC00EAEBE9 /* Project object */ = {
			isa = PBXProject;
			attributes = {
				LastSwiftUpdateCheck = 0900;
				LastUpgradeCheck = 0900;
				ORGANIZATIONNAME = "Jeremy Reynolds";
				TargetAttributes = {
					3F40329B1FA0F2FC00EAEBE9 = {
						CreatedOnToolsVersion = 9.0.1;
						ProvisioningStyle = Automatic;
					};
				};
			};
			buildConfigurationList = 3F4032971FA0F2FC00EAEBE9 /* Build configuration list for PBXProject "Patchworks" */;
			compatibilityVersion = "Xcode 8.0";
			developmentRegion = en;
			hasScannedForEncodings = 0;
			knownRegions = (
				en,
				Base,
			);
			mainGroup = 3F4032931FA0F2FC00EAEBE9;
			productRefGroup = 3F40329D1FA0F2FC00EAEBE9 /* Products */;
			projectDirPath = "";
			projectRoot = "";
			targets = (
				3F40329B1FA0F2FC00EAEBE9 /* Patchworks */,
			);
		};
/* End PBXProject section */

/* Begin PBXResourcesBuildPhase section */
		3F40329A1FA0F2FC00EAEBE9 /* Resources */ = {
			isa = PBXResourcesBuildPhase;
			buildActionMask = 2147483647;
			files = (
				3F4032AA1FA0F2FC00EAEBE9 /* LaunchScreen.storyboard in Resources */,
				3F4032A71FA0F2FC00EAEBE9 /* Assets.xcassets in Resources */,
				3F4032A51FA0F2FC00EAEBE9 /* Main.storyboard in Resources */,
			);
			runOnlyForDeploymentPostprocessing = 0;
		};
/* End PBXResourcesBuildPhase section */

/* Begin PBXSourcesBuildPhase section */
		3F4032981FA0F2FC00EAEBE9 /* Sources */ = {
			isa = PBXSourcesBuildPhase;
			buildActionMask = 2147483647;
			files = (
				3FF8CBDA1FD9A93000CADA77 /* BlockView+LogCabin.swift in Sources */,
				3F3D928F1FE1B7300013F743 /* BlockView+DoubleCross.swift in Sources */,
				3F31F85D1FE42DAE00BD2BD5 /* ShapeView+Triangle.swift in Sources */,
				3F30B80B1FDB33060013775A /* BlockView+ChurnDash.swift in Sources */,
				3F3D92911FE1DA3E0013F743 /* BlockView+BasketWeave.swift in Sources */,
				3F87D1C31FD8950B003AC8F5 /* ShapeView.swift in Sources */,
				3F2E103F1FD84FFF00AFFC10 /* BlockViewController.swift in Sources */,
				3F31F85F1FE42E4C00BD2BD5 /* ShapeView+Rectangle.swift in Sources */,
				3F2E103C1FD84CC400AFFC10 /* BlockView.swift in Sources */,
				3F4032A01FA0F2FC00EAEBE9 /* AppDelegate.swift in Sources */,
			);
			runOnlyForDeploymentPostprocessing = 0;
		};
/* End PBXSourcesBuildPhase section */

/* Begin PBXVariantGroup section */
		3F4032A31FA0F2FC00EAEBE9 /* Main.storyboard */ = {
			isa = PBXVariantGroup;
			children = (
				3F4032A41FA0F2FC00EAEBE9 /* Base */,
			);
			name = Main.storyboard;
			sourceTree = "<group>";
		};
		3F4032A81FA0F2FC00EAEBE9 /* LaunchScreen.storyboard */ = {
			isa = PBXVariantGroup;
			children = (
				3F4032A91FA0F2FC00EAEBE9 /* Base */,
			);
			name = LaunchScreen.storyboard;
			sourceTree = "<group>";
		};
/* End PBXVariantGroup section */

/* Begin XCBuildConfiguration section */
		3F4032AC1FA0F2FC00EAEBE9 /* Debug */ = {
			isa = XCBuildConfiguration;
			buildSettings = {
				ALWAYS_SEARCH_USER_PATHS = NO;
				CLANG_ANALYZER_NONNULL = YES;
				CLANG_ANALYZER_NUMBER_OBJECT_CONVERSION = YES_AGGRESSIVE;
				CLANG_CXX_LANGUAGE_STANDARD = "gnu++14";
				CLANG_CXX_LIBRARY = "libc++";
				CLANG_ENABLE_MODULES = YES;
				CLANG_ENABLE_OBJC_ARC = YES;
				CLANG_WARN_BLOCK_CAPTURE_AUTORELEASING = YES;
				CLANG_WARN_BOOL_CONVERSION = YES;
				CLANG_WARN_COMMA = YES;
				CLANG_WARN_CONSTANT_CONVERSION = YES;
				CLANG_WARN_DIRECT_OBJC_ISA_USAGE = YES_ERROR;
				CLANG_WARN_DOCUMENTATION_COMMENTS = YES;
				CLANG_WARN_EMPTY_BODY = YES;
				CLANG_WARN_ENUM_CONVERSION = YES;
				CLANG_WARN_INFINITE_RECURSION = YES;
				CLANG_WARN_INT_CONVERSION = YES;
				CLANG_WARN_NON_LITERAL_NULL_CONVERSION = YES;
				CLANG_WARN_OBJC_LITERAL_CONVERSION = YES;
				CLANG_WARN_OBJC_ROOT_CLASS = YES_ERROR;
				CLANG_WARN_RANGE_LOOP_ANALYSIS = YES;
				CLANG_WARN_STRICT_PROTOTYPES = YES;
				CLANG_WARN_SUSPICIOUS_MOVE = YES;
				CLANG_WARN_UNGUARDED_AVAILABILITY = YES_AGGRESSIVE;
				CLANG_WARN_UNREACHABLE_CODE = YES;
				CLANG_WARN__DUPLICATE_METHOD_MATCH = YES;
				CODE_SIGN_IDENTITY = "iPhone Developer";
				COPY_PHASE_STRIP = NO;
				DEBUG_INFORMATION_FORMAT = dwarf;
				ENABLE_STRICT_OBJC_MSGSEND = YES;
				ENABLE_TESTABILITY = YES;
				GCC_C_LANGUAGE_STANDARD = gnu11;
				GCC_DYNAMIC_NO_PIC = NO;
				GCC_NO_COMMON_BLOCKS = YES;
				GCC_OPTIMIZATION_LEVEL = 0;
				GCC_PREPROCESSOR_DEFINITIONS = (
					"DEBUG=1",
					"$(inherited)",
				);
				GCC_WARN_64_TO_32_BIT_CONVERSION = YES;
				GCC_WARN_ABOUT_RETURN_TYPE = YES_ERROR;
				GCC_WARN_UNDECLARED_SELECTOR = YES;
				GCC_WARN_UNINITIALIZED_AUTOS = YES_AGGRESSIVE;
				GCC_WARN_UNUSED_FUNCTION = YES;
				GCC_WARN_UNUSED_VARIABLE = YES;
				IPHONEOS_DEPLOYMENT_TARGET = 11.0;
				MTL_ENABLE_DEBUG_INFO = YES;
				ONLY_ACTIVE_ARCH = YES;
				SDKROOT = iphoneos;
				SWIFT_ACTIVE_COMPILATION_CONDITIONS = DEBUG;
				SWIFT_OPTIMIZATION_LEVEL = "-Onone";
			};
			name = Debug;
		};
		3F4032AD1FA0F2FC00EAEBE9 /* Release */ = {
			isa = XCBuildConfiguration;
			buildSettings = {
				ALWAYS_SEARCH_USER_PATHS = NO;
				CLANG_ANALYZER_NONNULL = YES;
				CLANG_ANALYZER_NUMBER_OBJECT_CONVERSION = YES_AGGRESSIVE;
				CLANG_CXX_LANGUAGE_STANDARD = "gnu++14";
				CLANG_CXX_LIBRARY = "libc++";
				CLANG_ENABLE_MODULES = YES;
				CLANG_ENABLE_OBJC_ARC = YES;
				CLANG_WARN_BLOCK_CAPTURE_AUTORELEASING = YES;
				CLANG_WARN_BOOL_CONVERSION = YES;
				CLANG_WARN_COMMA = YES;
				CLANG_WARN_CONSTANT_CONVERSION = YES;
				CLANG_WARN_DIRECT_OBJC_ISA_USAGE = YES_ERROR;
				CLANG_WARN_DOCUMENTATION_COMMENTS = YES;
				CLANG_WARN_EMPTY_BODY = YES;
				CLANG_WARN_ENUM_CONVERSION = YES;
				CLANG_WARN_INFINITE_RECURSION = YES;
				CLANG_WARN_INT_CONVERSION = YES;
				CLANG_WARN_NON_LITERAL_NULL_CONVERSION = YES;
				CLANG_WARN_OBJC_LITERAL_CONVERSION = YES;
				CLANG_WARN_OBJC_ROOT_CLASS = YES_ERROR;
				CLANG_WARN_RANGE_LOOP_ANALYSIS = YES;
				CLANG_WARN_STRICT_PROTOTYPES = YES;
				CLANG_WARN_SUSPICIOUS_MOVE = YES;
				CLANG_WARN_UNGUARDED_AVAILABILITY = YES_AGGRESSIVE;
				CLANG_WARN_UNREACHABLE_CODE = YES;
				CLANG_WARN__DUPLICATE_METHOD_MATCH = YES;
				CODE_SIGN_IDENTITY = "iPhone Developer";
				COPY_PHASE_STRIP = NO;
				DEBUG_INFORMATION_FORMAT = "dwarf-with-dsym";
				ENABLE_NS_ASSERTIONS = NO;
				ENABLE_STRICT_OBJC_MSGSEND = YES;
				GCC_C_LANGUAGE_STANDARD = gnu11;
				GCC_NO_COMMON_BLOCKS = YES;
				GCC_WARN_64_TO_32_BIT_CONVERSION = YES;
				GCC_WARN_ABOUT_RETURN_TYPE = YES_ERROR;
				GCC_WARN_UNDECLARED_SELECTOR = YES;
				GCC_WARN_UNINITIALIZED_AUTOS = YES_AGGRESSIVE;
				GCC_WARN_UNUSED_FUNCTION = YES;
				GCC_WARN_UNUSED_VARIABLE = YES;
				IPHONEOS_DEPLOYMENT_TARGET = 11.0;
				MTL_ENABLE_DEBUG_INFO = NO;
				SDKROOT = iphoneos;
				SWIFT_OPTIMIZATION_LEVEL = "-Owholemodule";
				VALIDATE_PRODUCT = YES;
			};
			name = Release;
		};
		3F4032AF1FA0F2FC00EAEBE9 /* Debug */ = {
			isa = XCBuildConfiguration;
			buildSettings = {
				ASSETCATALOG_COMPILER_APPICON_NAME = AppIcon;
				CODE_SIGN_STYLE = Automatic;
				DEVELOPMENT_TEAM = FW95769X88;
				INFOPLIST_FILE = Patchworks/Info.plist;
				LD_RUNPATH_SEARCH_PATHS = "$(inherited) @executable_path/Frameworks";
				PRODUCT_BUNDLE_IDENTIFIER = com.JeremyReynolds.Patchworks;
				PRODUCT_NAME = "$(TARGET_NAME)";
				SWIFT_VERSION = 4.0;
				TARGETED_DEVICE_FAMILY = "1,2";
			};
			name = Debug;
		};
		3F4032B01FA0F2FC00EAEBE9 /* Release */ = {
			isa = XCBuildConfiguration;
			buildSettings = {
				ASSETCATALOG_COMPILER_APPICON_NAME = AppIcon;
				CODE_SIGN_STYLE = Automatic;
				DEVELOPMENT_TEAM = FW95769X88;
				INFOPLIST_FILE = Patchworks/Info.plist;
				LD_RUNPATH_SEARCH_PATHS = "$(inherited) @executable_path/Frameworks";
				PRODUCT_BUNDLE_IDENTIFIER = com.JeremyReynolds.Patchworks;
				PRODUCT_NAME = "$(TARGET_NAME)";
				SWIFT_VERSION = 4.0;
				TARGETED_DEVICE_FAMILY = "1,2";
			};
			name = Release;
		};
/* End XCBuildConfiguration section */

/* Begin XCConfigurationList section */
		3F4032971FA0F2FC00EAEBE9 /* Build configuration list for PBXProject "Patchworks" */ = {
			isa = XCConfigurationList;
			buildConfigurations = (
				3F4032AC1FA0F2FC00EAEBE9 /* Debug */,
				3F4032AD1FA0F2FC00EAEBE9 /* Release */,
			);
			defaultConfigurationIsVisible = 0;
			defaultConfigurationName = Release;
		};
		3F4032AE1FA0F2FC00EAEBE9 /* Build configuration list for PBXNativeTarget "Patchworks" */ = {
			isa = XCConfigurationList;
			buildConfigurations = (
				3F4032AF1FA0F2FC00EAEBE9 /* Debug */,
				3F4032B01FA0F2FC00EAEBE9 /* Release */,
			);
			defaultConfigurationIsVisible = 0;
			defaultConfigurationName = Release;
		};
/* End XCConfigurationList section */
	};
	rootObject = 3F4032941FA0F2FC00EAEBE9 /* Project object */;
}
